
Microsoft Visual Studio Solution File, Format Version 12.00
# Visual Studio 15
VisualStudioVersion = 15.0.28307.539
MinimumVisualStudioVersion = 10.0.40219.1
Project("{FAE04EC0-301F-11D3-BF4B-00C04F79EFBC}") = "DataAccessCore", "DataAccessCore\DataAccessCore.csproj", "{1E90ED7A-D0FE-4E48-9348-A863B86AE092}"
EndProject
Project("{FAE04EC0-301F-11D3-BF4B-00C04F79EFBC}") = "DataAccessCoreTests", "DataAccessCoreTests\DataAccessCoreTests.csproj", "{25198D2E-816A-4F84-A09D-0D8661249357}"
EndProject
Global
	GlobalSection(SolutionConfigurationPlatforms) = preSolution
		Debug|Any CPU = Debug|Any CPU
		Release|Any CPU = Release|Any CPU
	EndGlobalSection
	GlobalSection(ProjectConfigurationPlatforms) = postSolution
		{1E90ED7A-D0FE-4E48-9348-A863B86AE092}.Debug|Any CPU.ActiveCfg = Debug|Any CPU
		{1E90ED7A-D0FE-4E48-9348-A863B86AE092}.Debug|Any CPU.Build.0 = Debug|Any CPU
		{1E90ED7A-D0FE-4E48-9348-A863B86AE092}.Release|Any CPU.ActiveCfg = Release|Any CPU
		{1E90ED7A-D0FE-4E48-9348-A863B86AE092}.Release|Any CPU.Build.0 = Release|Any CPU
		{25198D2E-816A-4F84-A09D-0D8661249357}.Debug|Any CPU.ActiveCfg = Debug|Any CPU
		{25198D2E-816A-4F84-A09D-0D8661249357}.Debug|Any CPU.Build.0 = Debug|Any CPU
		{25198D2E-816A-4F84-A09D-0D8661249357}.Release|Any CPU.ActiveCfg = Release|Any CPU
		{25198D2E-816A-4F84-A09D-0D8661249357}.Release|Any CPU.Build.0 = Release|Any CPU
	EndGlobalSection
	GlobalSection(SolutionProperties) = preSolution
		HideSolutionNode = FALSE
	EndGlobalSection
	GlobalSection(ExtensibilityGlobals) = postSolution
		SolutionGuid = {73675111-005C-4C31-AB54-039EA0BBEA1E}
	EndGlobalSection
EndGlobal
